
Microsoft Visual Studio Solution File, Format Version 12.00
# Visual Studio Version 16
VisualStudioVersion = 25.0.1704.2
MinimumVisualStudioVersion = 10.0.40219.1
Project("{FAE04EC0-301F-11D3-BF4B-00C04F79EFBC}") = "Proyecto0010", "Proyecto0010.csproj", "{63838945-9F6F-41D9-807F-4124C8BF20DC}"
EndProject
Global
	GlobalSection(SolutionConfigurationPlatforms) = preSolution
		Debug|Any CPU = Debug|Any CPU
		Release|Any CPU = Release|Any CPU
	EndGlobalSection
	GlobalSection(ProjectConfigurationPlatforms) = postSolution
		{63838945-9F6F-41D9-807F-4124C8BF20DC}.Debug|Any CPU.ActiveCfg = Debug|Any CPU
		{63838945-9F6F-41D9-807F-4124C8BF20DC}.Debug|Any CPU.Build.0 = Debug|Any CPU
		{63838945-9F6F-41D9-807F-4124C8BF20DC}.Release|Any CPU.ActiveCfg = Release|Any CPU
		{63838945-9F6F-41D9-807F-4124C8BF20DC}.Release|Any CPU.Build.0 = Release|Any CPU
	EndGlobalSection
	GlobalSection(SolutionProperties) = preSolution
		HideSolutionNode = FALSE
	EndGlobalSection
	GlobalSection(ExtensibilityGlobals) = postSolution
		SolutionGuid = {1E1EB25C-8086-41F2-AF0D-FB46F1045823}
	EndGlobalSection
EndGlobal
