
Microsoft Visual Studio Solution File, Format Version 12.00
# Visual Studio Version 16
VisualStudioVersion = 25.0.1704.2
MinimumVisualStudioVersion = 10.0.40219.1
Project("{FAE04EC0-301F-11D3-BF4B-00C04F79EFBC}") = "Proyecto0014", "Proyecto0014.csproj", "{0B2209CB-62D9-4941-83C1-4BFFA321D211}"
EndProject
Global
	GlobalSection(SolutionConfigurationPlatforms) = preSolution
		Debug|Any CPU = Debug|Any CPU
		Release|Any CPU = Release|Any CPU
	EndGlobalSection
	GlobalSection(ProjectConfigurationPlatforms) = postSolution
		{0B2209CB-62D9-4941-83C1-4BFFA321D211}.Debug|Any CPU.ActiveCfg = Debug|Any CPU
		{0B2209CB-62D9-4941-83C1-4BFFA321D211}.Debug|Any CPU.Build.0 = Debug|Any CPU
		{0B2209CB-62D9-4941-83C1-4BFFA321D211}.Release|Any CPU.ActiveCfg = Release|Any CPU
		{0B2209CB-62D9-4941-83C1-4BFFA321D211}.Release|Any CPU.Build.0 = Release|Any CPU
	EndGlobalSection
	GlobalSection(SolutionProperties) = preSolution
		HideSolutionNode = FALSE
	EndGlobalSection
	GlobalSection(ExtensibilityGlobals) = postSolution
		SolutionGuid = {D86E3FB3-BFC7-4BA4-A20F-C2210705D0F7}
	EndGlobalSection
EndGlobal
