
Microsoft Visual Studio Solution File, Format Version 12.00
# Visual Studio Version 16
VisualStudioVersion = 25.0.1704.2
MinimumVisualStudioVersion = 10.0.40219.1
Project("{FAE04EC0-301F-11D3-BF4B-00C04F79EFBC}") = "Proyecto0020", "Proyecto0020.csproj", "{B934ACDF-204E-4880-B19D-20B6FB062487}"
EndProject
Global
	GlobalSection(SolutionConfigurationPlatforms) = preSolution
		Debug|Any CPU = Debug|Any CPU
		Release|Any CPU = Release|Any CPU
	EndGlobalSection
	GlobalSection(ProjectConfigurationPlatforms) = postSolution
		{B934ACDF-204E-4880-B19D-20B6FB062487}.Debug|Any CPU.ActiveCfg = Debug|Any CPU
		{B934ACDF-204E-4880-B19D-20B6FB062487}.Debug|Any CPU.Build.0 = Debug|Any CPU
		{B934ACDF-204E-4880-B19D-20B6FB062487}.Release|Any CPU.ActiveCfg = Release|Any CPU
		{B934ACDF-204E-4880-B19D-20B6FB062487}.Release|Any CPU.Build.0 = Release|Any CPU
	EndGlobalSection
	GlobalSection(SolutionProperties) = preSolution
		HideSolutionNode = FALSE
	EndGlobalSection
	GlobalSection(ExtensibilityGlobals) = postSolution
		SolutionGuid = {BBF1FD0B-ECB9-4BB9-AC1B-030A0998F68D}
	EndGlobalSection
EndGlobal
