
Microsoft Visual Studio Solution File, Format Version 12.00
# Visual Studio Version 16
VisualStudioVersion = 25.0.1704.2
MinimumVisualStudioVersion = 10.0.40219.1
Project("{FAE04EC0-301F-11D3-BF4B-00C04F79EFBC}") = "Proyecto0024", "Proyecto0024.csproj", "{00DB326A-0122-48FF-B2EC-3EC8AF0016FE}"
EndProject
Global
	GlobalSection(SolutionConfigurationPlatforms) = preSolution
		Debug|Any CPU = Debug|Any CPU
		Release|Any CPU = Release|Any CPU
	EndGlobalSection
	GlobalSection(ProjectConfigurationPlatforms) = postSolution
		{00DB326A-0122-48FF-B2EC-3EC8AF0016FE}.Debug|Any CPU.ActiveCfg = Debug|Any CPU
		{00DB326A-0122-48FF-B2EC-3EC8AF0016FE}.Debug|Any CPU.Build.0 = Debug|Any CPU
		{00DB326A-0122-48FF-B2EC-3EC8AF0016FE}.Release|Any CPU.ActiveCfg = Release|Any CPU
		{00DB326A-0122-48FF-B2EC-3EC8AF0016FE}.Release|Any CPU.Build.0 = Release|Any CPU
	EndGlobalSection
	GlobalSection(SolutionProperties) = preSolution
		HideSolutionNode = FALSE
	EndGlobalSection
	GlobalSection(ExtensibilityGlobals) = postSolution
		SolutionGuid = {3421D0D6-8ADF-44C6-A02D-2E21340AC4D3}
	EndGlobalSection
EndGlobal
