
Microsoft Visual Studio Solution File, Format Version 12.00
# Visual Studio Version 16
VisualStudioVersion = 25.0.1704.2
MinimumVisualStudioVersion = 10.0.40219.1
Project("{FAE04EC0-301F-11D3-BF4B-00C04F79EFBC}") = "Proyecto0006", "Proyecto0006.csproj", "{69C89169-A27B-4113-BB2D-D342B3F9BAD2}"
EndProject
Global
	GlobalSection(SolutionConfigurationPlatforms) = preSolution
		Debug|Any CPU = Debug|Any CPU
		Release|Any CPU = Release|Any CPU
	EndGlobalSection
	GlobalSection(ProjectConfigurationPlatforms) = postSolution
		{69C89169-A27B-4113-BB2D-D342B3F9BAD2}.Debug|Any CPU.ActiveCfg = Debug|Any CPU
		{69C89169-A27B-4113-BB2D-D342B3F9BAD2}.Debug|Any CPU.Build.0 = Debug|Any CPU
		{69C89169-A27B-4113-BB2D-D342B3F9BAD2}.Release|Any CPU.ActiveCfg = Release|Any CPU
		{69C89169-A27B-4113-BB2D-D342B3F9BAD2}.Release|Any CPU.Build.0 = Release|Any CPU
	EndGlobalSection
	GlobalSection(SolutionProperties) = preSolution
		HideSolutionNode = FALSE
	EndGlobalSection
	GlobalSection(ExtensibilityGlobals) = postSolution
		SolutionGuid = {AB6C24B6-DD94-4B65-A96C-BBAADA91B312}
	EndGlobalSection
EndGlobal
